# THIS IS AN AUTOGENERATED FILE. DO NOT EDIT THIS FILE DIRECTLY.
# yarn lockfile v1


batch-replace@^1.1.3:
  version "1.1.3"
  resolved "https://registry.yarnpkg.com/batch-replace/-/batch-replace-1.1.3.tgz#d178467380d1df93efac7bb873274fa274d2d293"

updtr-test-module-1@1.0.0:
  version "1.0.0"
  resolved "https://registry.yarnpkg.com/updtr-test-module-1/-/updtr-test-module-1-1.0.0.tgz#bbbe9d48f45a6c04952bb64f506ca7d5d2659c36"
  dependencies:
    batch-replace "^1.1.3"

updtr-test-module-2@2.0.0:
  version "2.0.0"
  resolved "https://registry.yarnpkg.com/updtr-test-module-2/-/updtr-test-module-2-2.0.0.tgz#1c5ca3c2cc40e4e7004819074bb620dc76c6156d"
